<?xml version="1.0" encoding="utf-8"?>
<Project ToolsVersion="4.0" xmlns="http://schemas.microsoft.com/developer/msbuild/2003">
  <ItemGroup>
    <Filter Include="Source Files">
      <UniqueIdentifier>{4FC737F1-C7A5-4376-A066-2A32D752A2FF}</UniqueIdentifier>
      <Extensions>cpp;c;cc;cxx;def;odl;idl;hpj;bat;asm;asmx</Extensions>
    </Filter>
    <Filter Include="Header Files">
      <UniqueIdentifier>{93995380-89BD-4b04-88EB-625FBE52EBFB}</UniqueIdentifier>
      <Extensions>h;hpp;hxx;hm;inl;inc;xsd</Extensions>
    </Filter>
    <Filter Include="Resource Files">
      <UniqueIdentifier>{67DA6AB6-F800-4c08-8B7A-83BB121AAD01}</UniqueIdentifier>
      <Extensions>rc;ico;cur;bmp;dlg;rc2;rct;bin;rgs;gif;jpg;jpeg;jpe;resx;tiff;tif;png;wav;mfcribbon-ms</Extensions>
    </Filter>
    <Filter Include="Chat Lab TODO">
      <UniqueIdentifier>{9ac406a8-2750-4289-b866-6bb4683e879f}</UniqueIdentifier>
    </Filter>
  </ItemGroup>
  <ItemGroup>
    <ClInclude Include="ChatLobby.h">
      <Filter>Header Files</Filter>
    </ClInclude>
    <ClInclude Include="D3DInterface.h">
      <Filter>Header Files</Filter>
    </ClInclude>
    <ClInclude Include="XTime.h">
      <Filter>Header Files</Filter>
    </ClInclude>
    <ClInclude Include="MainMenu.h">
      <Filter>Header Files</Filter>
    </ClInclude>
    <ClInclude Include="TCPChatClient.h">
      <Filter>Chat Lab TODO</Filter>
    </ClInclude>
    <ClInclude Include="TCPChatServer.h">
      <Filter>Chat Lab TODO</Filter>
    </ClInclude>
    <ClInclude Include="NetThreads.h">
      <Filter>Header Files</Filter>
    </ClInclude>
    <ClInclude Include="NetDefines.h">
      <Filter>Chat Lab TODO</Filter>
    </ClInclude>
    <ClInclude Include="resource.h">
      <Filter>Header Files</Filter>
    </ClInclude>
  </ItemGroup>
  <ItemGroup>
    <ClCompile Include="ChatLobby.cpp">
      <Filter>Source Files</Filter>
    </ClCompile>
    <ClCompile Include="main.cpp">
      <Filter>Source Files</Filter>
    </ClCompile>
    <ClCompile Include="D3DInterface.cpp">
      <Filter>Source Files</Filter>
    </ClCompile>
    <ClCompile Include="XTime.cpp">
      <Filter>Source Files</Filter>
    </ClCompile>
    <ClCompile Include="MainMenu.cpp">
      <Filter>Source Files</Filter>
    </ClCompile>
    <ClCompile Include="TCPChatClient.cpp">
      <Filter>Chat Lab TODO</Filter>
    </ClCompile>
    <ClCompile Include="TCPChatServer.cpp">
      <Filter>Chat Lab TODO</Filter>
    </ClCompile>
    <ClCompile Include="NetDefines.cpp">
      <Filter>Chat Lab TODO</Filter>
    </ClCompile>
  </ItemGroup>
  <ItemGroup>
    <FxCompile Include="screen_frag.hlsl">
      <Filter>Resource Files</Filter>
    </FxCompile>
    <FxCompile Include="screen_vert.hlsl">
      <Filter>Resource Files</Filter>
    </FxCompile>
    <FxCompile Include="pixelated_frag.hlsl">
      <Filter>Resource Files</Filter>
    </FxCompile>
    <FxCompile Include="pixelated_vert.hlsl">
      <Filter>Resource Files</Filter>
    </FxCompile>
    <FxCompile Include="hud_frag.hlsl">
      <Filter>Resource Files</Filter>
    </FxCompile>
    <FxCompile Include="hud_vert.hlsl">
      <Filter>Resource Files</Filter>
    </FxCompile>
    <FxCompile Include="sprite_sheet_frag.hlsl">
      <Filter>Resource Files</Filter>
    </FxCompile>
    <FxCompile Include="sprite_sheet_vert.hlsl">
      <Filter>Resource Files</Filter>
    </FxCompile>
  </ItemGroup>
  <ItemGroup>
    <ResourceCompile Include="GNWLabSuite.rc">
      <Filter>Resource Files</Filter>
    </ResourceCompile>
  </ItemGroup>
  <ItemGroup>
    <Image Include="logo.ico">
      <Filter>Resource Files</Filter>
    </Image>
  </ItemGroup>
</Project>